lockfileVersion: 5.3

specifiers:
  vitepress: ^0.21.5

devDependencies:
  vitepress: 0.21.5

packages:

  /@algolia/autocomplete-core/1.5.0:
    resolution: {integrity: sha512-E7+VJwcvwMM8vPeaVn7fNUgix8WHV8A1WUeHDi2KHemCaaGc8lvUnP3QnvhMxiDhTe7OpMEv4o2TBUMyDgThaw==}
    dependencies:
      '@algolia/autocomplete-shared': 1.5.0
    dev: true

  /@algolia/autocomplete-preset-algolia/1.5.0_algoliasearch@4.12.0:
    resolution: {integrity: sha512-iiFxKERGHkvkiupmrFJbvESpP/zv5jSgH714XRiP5LDvUHaYOo4GLAwZCFf2ef/L5tdtPBARvekn6k1Xf33gjA==}
    peerDependencies:
      '@algolia/client-search': ^4.9.1
      algoliasearch: ^4.9.1
    peerDependenciesMeta:
      '@algolia/client-search':
        optional: true
    dependencies:
      '@algolia/autocomplete-shared': 1.5.0
      algoliasearch: 4.12.0
    dev: true

  /@algolia/autocomplete-shared/1.5.0:
    resolution: {integrity: sha512-bRSkqHHHSwZYbFY3w9hgMyQRm86Wz27bRaGCbNldLfbk0zUjApmE4ajx+ZCVSLqxvcUEjMqZFJzDsder12eKsg==}
    dev: true

  /@algolia/cache-browser-local-storage/4.12.0:
    resolution: {integrity: sha512-l+G560B6N1k0rIcOjTO1yCzFUbg2Zy2HCii9s03e13jGgqduVQmk79UUCYszjsJ5GPJpUEKcVEtAIpP7tjsXVA==}
    dependencies:
      '@algolia/cache-common': 4.12.0
    dev: true

  /@algolia/cache-common/4.12.0:
    resolution: {integrity: sha512-2Z8BV+NX7oN7RmmQbLqmW8lfN9aAjOexX1FJjzB0YfKC9ifpi9Jl4nSxlnbU+iLR6QhHo0IfuyQ7wcnucCGCGQ==}
    dev: true

  /@algolia/cache-in-memory/4.12.0:
    resolution: {integrity: sha512-b6ANkZF6vGAo+sYv6g25W5a0u3o6F549gEAgtTDTVA1aHcdWwe/HG/dTJ7NsnHbuR+A831tIwnNYQjRp3/V/Jw==}
    dependencies:
      '@algolia/cache-common': 4.12.0
    dev: true

  /@algolia/client-account/4.12.0:
    resolution: {integrity: sha512-gzXN75ZydNheNXUN3epS+aLsKnB/PHFVlGUUjXL8WHs4lJP3B5FtHvaA/NCN5DsM3aamhuY5p0ff1XIA+Lbcrw==}
    dependencies:
      '@algolia/client-common': 4.12.0
      '@algolia/client-search': 4.12.0
      '@algolia/transporter': 4.12.0
    dev: true

  /@algolia/client-analytics/4.12.0:
    resolution: {integrity: sha512-rO2cZCt00Opk66QBZb7IBGfCq4ZE3EiuGkXssf2Monb5urujy0r8CknK2i7bzaKtPbd2vlvhmLP4CEHQqF6SLQ==}
    dependencies:
      '@algolia/client-common': 4.12.0
      '@algolia/client-search': 4.12.0
      '@algolia/requester-common': 4.12.0
      '@algolia/transporter': 4.12.0
    dev: true

  /@algolia/client-common/4.12.0:
    resolution: {integrity: sha512-fcrFN7FBmxiSyjeu3sF4OnPkC1l7/8oyQ8RMM8CHpVY8cad6/ay35MrfRfgfqdzdFA8LzcBYO7fykuJv0eOqxw==}
    dependencies:
      '@algolia/requester-common': 4.12.0
      '@algolia/transporter': 4.12.0
    dev: true

  /@algolia/client-personalization/4.12.0:
    resolution: {integrity: sha512-wCJfSQEmX6ZOuJBJGjy+sbXiW0iy7tMNAhsVMV9RRaJE4727e5WAqwFWZssD877WQ74+/nF/VyTaB1+wejo33Q==}
    dependencies:
      '@algolia/client-common': 4.12.0
      '@algolia/requester-common': 4.12.0
      '@algolia/transporter': 4.12.0
    dev: true

  /@algolia/client-search/4.12.0:
    resolution: {integrity: sha512-ik6dswcTQtOdZN+8aKntI9X2E6Qpqjtyda/+VANiHThY9GD2PBXuNuuC2HvlF26AbBYp5xaSE/EKxn1DIiIJ4Q==}
    dependencies:
      '@algolia/client-common': 4.12.0
      '@algolia/requester-common': 4.12.0
      '@algolia/transporter': 4.12.0
    dev: true

  /@algolia/logger-common/4.12.0:
    resolution: {integrity: sha512-V//9rzLdJujA3iZ/tPhmKR/m2kjSZrymxOfUiF3024u2/7UyOpH92OOCrHUf023uMGYHRzyhBz5ESfL1oCdh7g==}
    dev: true

  /@algolia/logger-console/4.12.0:
    resolution: {integrity: sha512-pHvoGv53KXRIJHLk9uxBwKirwEo12G9+uo0sJLWESThAN3v5M+ycliU1AkUXQN8+9rds2KxfULAb+vfyfBKf8A==}
    dependencies:
      '@algolia/logger-common': 4.12.0
    dev: true

  /@algolia/requester-browser-xhr/4.12.0:
    resolution: {integrity: sha512-rGlHNMM3jIZBwSpz33CVkeXHilzuzHuFXEEW1icP/k3KW7kwBrKFJwBy42RzAJa5BYlLsTCFTS3xkPhYwTQKLg==}
    dependencies:
      '@algolia/requester-common': 4.12.0
    dev: true

  /@algolia/requester-common/4.12.0:
    resolution: {integrity: sha512-qgfdc73nXqpVyOMr6CMTx3nXvud9dP6GcMGDqPct+fnxogGcJsp24cY2nMqUrAfgmTJe9Nmy7Lddv0FyHjONMg==}
    dev: true

  /@algolia/requester-node-http/4.12.0:
    resolution: {integrity: sha512-mOTRGf/v/dXshBoZKNhMG00ZGxoUH9QdSpuMKYnuWwIgstN24uj3DQx+Ho3c+uq0TYfq7n2v71uoJWuiW32NMQ==}
    dependencies:
      '@algolia/requester-common': 4.12.0
    dev: true

  /@algolia/transporter/4.12.0:
    resolution: {integrity: sha512-MOQVHZ4BcBpf3LtOY/3fqXHAcvI8MahrXDHk9QrBE/iGensQhDiZby5Dn3o2JN/zd9FMnVbdPQ8gnkiMwZiakQ==}
    dependencies:
      '@algolia/cache-common': 4.12.0
      '@algolia/logger-common': 4.12.0
      '@algolia/requester-common': 4.12.0
    dev: true

  /@babel/parser/7.16.8:
    resolution: {integrity: sha512-i7jDUfrVBWc+7OKcBzEe5n7fbv3i2fWtxKzzCvOjnzSxMfWMigAhtfJ7qzZNGFNMsCCd67+uz553dYKWXPvCKw==}
    engines: {node: '>=6.0.0'}
    hasBin: true
    dev: true

  /@docsearch/css/3.0.0-alpha.42:
    resolution: {integrity: sha512-AGwI2AXUacYhVOHmYnsXoYDJKO6Ued2W+QO80GERbMLhC7GH5tfvtW5REs/s7jSdcU3vzFoxT8iPDBCh/PkrlQ==}
    dev: true

  /@docsearch/js/3.0.0-alpha.42:
    resolution: {integrity: sha512-8rxxsvFKS5GzDX2MYMETeib4EOwAkoxVUHFP5R4tSENXojhuCEy3np+k3Q0c9WPT+MUmWLxKJab5jyl0jmaeBQ==}
    dependencies:
      '@docsearch/react': 3.0.0-alpha.42
      preact: 10.6.4
    transitivePeerDependencies:
      - '@algolia/client-search'
      - '@types/react'
      - react
      - react-dom
    dev: true

  /@docsearch/react/3.0.0-alpha.42:
    resolution: {integrity: sha512-1aOslZJDxwUUcm2QRNmlEePUgL8P5fOAeFdOLDMctHQkV2iTja9/rKVbkP8FZbIUnZxuuCCn8ErLrjD/oXWOag==}
    peerDependencies:
      '@types/react': '>= 16.8.0 < 18.0.0'
      react: '>= 16.8.0 < 18.0.0'
      react-dom: '>= 16.8.0 < 18.0.0'
    peerDependenciesMeta:
      '@types/react':
        optional: true
      react:
        optional: true
      react-dom:
        optional: true
    dependencies:
      '@algolia/autocomplete-core': 1.5.0
      '@algolia/autocomplete-preset-algolia': 1.5.0_algoliasearch@4.12.0
      '@docsearch/css': 3.0.0-alpha.42
      algoliasearch: 4.12.0
    transitivePeerDependencies:
      - '@algolia/client-search'
    dev: true

  /@vitejs/plugin-vue/2.0.1_vite@2.7.12+vue@3.2.27:
    resolution: {integrity: sha512-wtdMnGVvys9K8tg+DxowU1ytTrdVveXr3LzdhaKakysgGXyrsfaeds2cDywtvujEASjWOwWL/OgWM+qoeM8Plg==}
    engines: {node: '>=12.0.0'}
    peerDependencies:
      vite: ^2.5.10
      vue: ^3.2.25
    dependencies:
      vite: 2.7.12
      vue: 3.2.27
    dev: true

  /@vue/compiler-core/3.2.27:
    resolution: {integrity: sha512-JyxAglSM/pb9paG5ZNuKrf5IUpzLzQA3khjWGF9oESELCLQlt6O3YyPMR2A69wIpYWrf5mScZ8YY8TJKOI/1kQ==}
    dependencies:
      '@babel/parser': 7.16.8
      '@vue/shared': 3.2.27
      estree-walker: 2.0.2
      source-map: 0.6.1
    dev: true

  /@vue/compiler-dom/3.2.27:
    resolution: {integrity: sha512-NyQ7nEbopUBPUMHM4c3FPCbFbnQwptoPjW5Y5qfJ7hfiCNhOuhQsDNqi5JYKBxfpxiFNwjcN9F8t1AsnLrDloQ==}
    dependencies:
      '@vue/compiler-core': 3.2.27
      '@vue/shared': 3.2.27
    dev: true

  /@vue/compiler-sfc/3.2.27:
    resolution: {integrity: sha512-WyecUhLN5UAQAr2QlmG2nA56OEnhZJaBnSw0G1tazb9rwDuK0V9tnbIXbQgmQlx+x4sJxgg61yWGcIXfilTl3A==}
    dependencies:
      '@babel/parser': 7.16.8
      '@vue/compiler-core': 3.2.27
      '@vue/compiler-dom': 3.2.27
      '@vue/compiler-ssr': 3.2.27
      '@vue/reactivity-transform': 3.2.27
      '@vue/shared': 3.2.27
      estree-walker: 2.0.2
      magic-string: 0.25.7
      postcss: 8.4.5
      source-map: 0.6.1
    dev: true

  /@vue/compiler-ssr/3.2.27:
    resolution: {integrity: sha512-+l09t319iV7HVSrXfBw9OLwMZIPOFTXmHjZ61Bc5ZcwKqOYAR4uTurKpoXAfcSc5qs/q6WdE9jY3nrP0LUEMQQ==}
    dependencies:
      '@vue/compiler-dom': 3.2.27
      '@vue/shared': 3.2.27
    dev: true

  /@vue/reactivity-transform/3.2.27:
    resolution: {integrity: sha512-67//61ObGxGnVrPhjygocb24eYUh+TFMhkm7szm8v5XdKXjkNl7qgIOflwGvUnwuIRJmr9nZ7+PvY0fL+H2upA==}
    dependencies:
      '@babel/parser': 7.16.8
      '@vue/compiler-core': 3.2.27
      '@vue/shared': 3.2.27
      estree-walker: 2.0.2
      magic-string: 0.25.7
    dev: true

  /@vue/reactivity/3.2.27:
    resolution: {integrity: sha512-QPfIQEJidRGIu/mPexhcB4csp1LEg2Nr+/QE72MnXs/OYDtFErhC9FxIyymkxp/xvAgL5wsnSOuDD6zWF42vRQ==}
    dependencies:
      '@vue/shared': 3.2.27
    dev: true

  /@vue/runtime-core/3.2.27:
    resolution: {integrity: sha512-NJrjuViHJyrT4bwIocbE4XDaDlA1Pj61pQlneZZdFEvgdMLlhzCCiJ4WZnWcohYQeisUAZjEFKK8GjQieDPFbw==}
    dependencies:
      '@vue/reactivity': 3.2.27
      '@vue/shared': 3.2.27
    dev: true

  /@vue/runtime-dom/3.2.27:
    resolution: {integrity: sha512-tlnKkvBSkV7MPUp/wRFsYcv67U1rUeZTPfpPzq5Kpmw5NNGkY6J075fFBH2k0MNxDucXS+qfStNrxAyGTUMkSA==}
    dependencies:
      '@vue/runtime-core': 3.2.27
      '@vue/shared': 3.2.27
      csstype: 2.6.19
    dev: true

  /@vue/server-renderer/3.2.27_vue@3.2.27:
    resolution: {integrity: sha512-dZnzkFCDe6A/GIe/F1LcG6lWpprHVh62DjTv8wubtkHwfJWOmOeHp+KvPDRrswL/L3ghsm+E31xY+pvkgM3pbQ==}
    peerDependencies:
      vue: 3.2.27
    dependencies:
      '@vue/compiler-ssr': 3.2.27
      '@vue/shared': 3.2.27
      vue: 3.2.27
    dev: true

  /@vue/shared/3.2.27:
    resolution: {integrity: sha512-rpAn9k6O08Lvo7ekBIAnkOukX/4EsEQLPrRJBKhIEasMsOI5eX0f6mq1sDUSY7cgAqWw2d7QtP74CWxdXoyKxA==}
    dev: true

  /algoliasearch/4.12.0:
    resolution: {integrity: sha512-fZOMMm+F3Bi5M/MoFIz7hiuyCitJza0Hu+r8Wzz4LIQClC6YGMRq7kT6NNU1fSSoFDSeJIwMfedbbi5G9dJoVQ==}
    dependencies:
      '@algolia/cache-browser-local-storage': 4.12.0
      '@algolia/cache-common': 4.12.0
      '@algolia/cache-in-memory': 4.12.0
      '@algolia/client-account': 4.12.0
      '@algolia/client-analytics': 4.12.0
      '@algolia/client-common': 4.12.0
      '@algolia/client-personalization': 4.12.0
      '@algolia/client-search': 4.12.0
      '@algolia/logger-common': 4.12.0
      '@algolia/logger-console': 4.12.0
      '@algolia/requester-browser-xhr': 4.12.0
      '@algolia/requester-common': 4.12.0
      '@algolia/requester-node-http': 4.12.0
      '@algolia/transporter': 4.12.0
    dev: true

  /csstype/2.6.19:
    resolution: {integrity: sha512-ZVxXaNy28/k3kJg0Fou5MiYpp88j7H9hLZp8PDC3jV0WFjfH5E9xHb56L0W59cPbKbcHXeP4qyT8PrHp8t6LcQ==}
    dev: true

  /esbuild-android-arm64/0.13.15:
    resolution: {integrity: sha512-m602nft/XXeO8YQPUDVoHfjyRVPdPgjyyXOxZ44MK/agewFFkPa8tUo6lAzSWh5Ui5PB4KR9UIFTSBKh/RrCmg==}
    cpu: [arm64]
    os: [android]
    requiresBuild: true
    dev: true
    optional: true

  /esbuild-darwin-64/0.13.15:
    resolution: {integrity: sha512-ihOQRGs2yyp7t5bArCwnvn2Atr6X4axqPpEdCFPVp7iUj4cVSdisgvEKdNR7yH3JDjW6aQDw40iQFoTqejqxvQ==}
    cpu: [x64]
    os: [darwin]
    requiresBuild: true
    dev: true
    optional: true

  /esbuild-darwin-arm64/0.13.15:
    resolution: {integrity: sha512-i1FZssTVxUqNlJ6cBTj5YQj4imWy3m49RZRnHhLpefFIh0To05ow9DTrXROTE1urGTQCloFUXTX8QfGJy1P8dQ==}
    cpu: [arm64]
    os: [darwin]
    requiresBuild: true
    dev: true
    optional: true

  /esbuild-freebsd-64/0.13.15:
    resolution: {integrity: sha512-G3dLBXUI6lC6Z09/x+WtXBXbOYQZ0E8TDBqvn7aMaOCzryJs8LyVXKY4CPnHFXZAbSwkCbqiPuSQ1+HhrNk7EA==}
    cpu: [x64]
    os: [freebsd]
    requiresBuild: true
    dev: true
    optional: true

  /esbuild-freebsd-arm64/0.13.15:
    resolution: {integrity: sha512-KJx0fzEDf1uhNOZQStV4ujg30WlnwqUASaGSFPhznLM/bbheu9HhqZ6mJJZM32lkyfGJikw0jg7v3S0oAvtvQQ==}
    cpu: [arm64]
    os: [freebsd]
    requiresBuild: true
    dev: true
    optional: true

  /esbuild-linux-32/0.13.15:
    resolution: {integrity: sha512-ZvTBPk0YWCLMCXiFmD5EUtB30zIPvC5Itxz0mdTu/xZBbbHJftQgLWY49wEPSn2T/TxahYCRDWun5smRa0Tu+g==}
    cpu: [ia32]
    os: [linux]
    requiresBuild: true
    dev: true
    optional: true

  /esbuild-linux-64/0.13.15:
    resolution: {integrity: sha512-eCKzkNSLywNeQTRBxJRQ0jxRCl2YWdMB3+PkWFo2BBQYC5mISLIVIjThNtn6HUNqua1pnvgP5xX0nHbZbPj5oA==}
    cpu: [x64]
    os: [linux]
    requiresBuild: true
    dev: true
    optional: true

  /esbuild-linux-arm/0.13.15:
    resolution: {integrity: sha512-wUHttDi/ol0tD8ZgUMDH8Ef7IbDX+/UsWJOXaAyTdkT7Yy9ZBqPg8bgB/Dn3CZ9SBpNieozrPRHm0BGww7W/jA==}
    cpu: [arm]
    os: [linux]
    requiresBuild: true
    dev: true
    optional: true

  /esbuild-linux-arm64/0.13.15:
    resolution: {integrity: sha512-bYpuUlN6qYU9slzr/ltyLTR9YTBS7qUDymO8SV7kjeNext61OdmqFAzuVZom+OLW1HPHseBfJ/JfdSlx8oTUoA==}
    cpu: [arm64]
    os: [linux]
    requiresBuild: true
    dev: true
    optional: true

  /esbuild-linux-mips64le/0.13.15:
    resolution: {integrity: sha512-KlVjIG828uFPyJkO/8gKwy9RbXhCEUeFsCGOJBepUlpa7G8/SeZgncUEz/tOOUJTcWMTmFMtdd3GElGyAtbSWg==}
    cpu: [mips64el]
    os: [linux]
    requiresBuild: true
    dev: true
    optional: true

  /esbuild-linux-ppc64le/0.13.15:
    resolution: {integrity: sha512-h6gYF+OsaqEuBjeesTBtUPw0bmiDu7eAeuc2OEH9S6mV9/jPhPdhOWzdeshb0BskRZxPhxPOjqZ+/OqLcxQwEQ==}
    cpu: [ppc64]
    os: [linux]
    requiresBuild: true
    dev: true
    optional: true

  /esbuild-netbsd-64/0.13.15:
    resolution: {integrity: sha512-3+yE9emwoevLMyvu+iR3rsa+Xwhie7ZEHMGDQ6dkqP/ndFzRHkobHUKTe+NCApSqG5ce2z4rFu+NX/UHnxlh3w==}
    cpu: [x64]
    os: [netbsd]
    requiresBuild: true
    dev: true
    optional: true

  /esbuild-openbsd-64/0.13.15:
    resolution: {integrity: sha512-wTfvtwYJYAFL1fSs8yHIdf5GEE4NkbtbXtjLWjM3Cw8mmQKqsg8kTiqJ9NJQe5NX/5Qlo7Xd9r1yKMMkHllp5g==}
    cpu: [x64]
    os: [openbsd]
    requiresBuild: true
    dev: true
    optional: true

  /esbuild-sunos-64/0.13.15:
    resolution: {integrity: sha512-lbivT9Bx3t1iWWrSnGyBP9ODriEvWDRiweAs69vI+miJoeKwHWOComSRukttbuzjZ8r1q0mQJ8Z7yUsDJ3hKdw==}
    cpu: [x64]
    os: [sunos]
    requiresBuild: true
    dev: true
    optional: true

  /esbuild-windows-32/0.13.15:
    resolution: {integrity: sha512-fDMEf2g3SsJ599MBr50cY5ve5lP1wyVwTe6aLJsM01KtxyKkB4UT+fc5MXQFn3RLrAIAZOG+tHC+yXObpSn7Nw==}
    cpu: [ia32]
    os: [win32]
    requiresBuild: true
    dev: true
    optional: true

  /esbuild-windows-64/0.13.15:
    resolution: {integrity: sha512-9aMsPRGDWCd3bGjUIKG/ZOJPKsiztlxl/Q3C1XDswO6eNX/Jtwu4M+jb6YDH9hRSUflQWX0XKAfWzgy5Wk54JQ==}
    cpu: [x64]
    os: [win32]
    requiresBuild: true
    dev: true
    optional: true

  /esbuild-windows-arm64/0.13.15:
    resolution: {integrity: sha512-zzvyCVVpbwQQATaf3IG8mu1IwGEiDxKkYUdA4FpoCHi1KtPa13jeScYDjlW0Qh+ebWzpKfR2ZwvqAQkSWNcKjA==}
    cpu: [arm64]
    os: [win32]
    requiresBuild: true
    dev: true
    optional: true

  /esbuild/0.13.15:
    resolution: {integrity: sha512-raCxt02HBKv8RJxE8vkTSCXGIyKHdEdGfUmiYb8wnabnaEmHzyW7DCHb5tEN0xU8ryqg5xw54mcwnYkC4x3AIw==}
    hasBin: true
    requiresBuild: true
    optionalDependencies:
      esbuild-android-arm64: 0.13.15
      esbuild-darwin-64: 0.13.15
      esbuild-darwin-arm64: 0.13.15
      esbuild-freebsd-64: 0.13.15
      esbuild-freebsd-arm64: 0.13.15
      esbuild-linux-32: 0.13.15
      esbuild-linux-64: 0.13.15
      esbuild-linux-arm: 0.13.15
      esbuild-linux-arm64: 0.13.15
      esbuild-linux-mips64le: 0.13.15
      esbuild-linux-ppc64le: 0.13.15
      esbuild-netbsd-64: 0.13.15
      esbuild-openbsd-64: 0.13.15
      esbuild-sunos-64: 0.13.15
      esbuild-windows-32: 0.13.15
      esbuild-windows-64: 0.13.15
      esbuild-windows-arm64: 0.13.15
    dev: true

  /estree-walker/2.0.2:
    resolution: {integrity: sha512-Rfkk/Mp/DL7JVje3u18FxFujQlTNR2q6QfMSMB7AvCBx91NGj/ba3kCfza0f6dVDbw7YlRf/nDrn7pQrCCyQ/w==}
    dev: true

  /fsevents/2.3.2:
    resolution: {integrity: sha512-xiqMQR4xAeHTuB9uWm+fFRcIOgKBMiOBP+eXiyT7jsgVCq1bkVygt00oASowB7EdtpOHaaPgKt812P9ab+DDKA==}
    engines: {node: ^8.16.0 || ^10.6.0 || >=11.0.0}
    os: [darwin]
    requiresBuild: true
    dev: true
    optional: true

  /function-bind/1.1.1:
    resolution: {integrity: sha512-yIovAzMX49sF8Yl58fSCWJ5svSLuaibPxXQJFLmBObTuCr0Mf1KiPopGM9NiFjiYBCbfaa2Fh6breQ6ANVTI0A==}
    dev: true

  /has/1.0.3:
    resolution: {integrity: sha512-f2dvO0VU6Oej7RkWJGrehjbzMAjFp5/VKPp5tTpWIV4JHHZK1/BxbFRtf/siA2SWTe09caDmVtYYzWEIbBS4zw==}
    engines: {node: '>= 0.4.0'}
    dependencies:
      function-bind: 1.1.1
    dev: true

  /is-core-module/2.8.1:
    resolution: {integrity: sha512-SdNCUs284hr40hFTFP6l0IfZ/RSrMXF3qgoRHd3/79unUTvrFO/JoXwkGm+5J/Oe3E/b5GsnG330uUNgRpu1PA==}
    dependencies:
      has: 1.0.3
    dev: true

  /magic-string/0.25.7:
    resolution: {integrity: sha512-4CrMT5DOHTDk4HYDlzmwu4FVCcIYI8gauveasrdCu2IKIFOJ3f0v/8MDGJCDL9oD2ppz/Av1b0Nj345H9M+XIA==}
    dependencies:
      sourcemap-codec: 1.4.8
    dev: true

  /nanoid/3.2.0:
    resolution: {integrity: sha512-fmsZYa9lpn69Ad5eDn7FMcnnSR+8R34W9qJEijxYhTbfOWzr22n1QxCMzXLK+ODyW2973V3Fux959iQoUxzUIA==}
    engines: {node: ^10 || ^12 || ^13.7 || ^14 || >=15.0.1}
    hasBin: true
    dev: true

  /path-parse/1.0.7:
    resolution: {integrity: sha512-LDJzPVEEEPR+y48z93A0Ed0yXb8pAByGWo/k5YYdYgpY2/2EsOsksJrq7lOHxryrVOn1ejG6oAp8ahvOIQD8sw==}
    dev: true

  /picocolors/1.0.0:
    resolution: {integrity: sha512-1fygroTLlHu66zi26VoTDv8yRgm0Fccecssto+MhsZ0D/DGW2sm8E8AjW7NU5VVTRt5GxbeZ5qBuJr+HyLYkjQ==}
    dev: true

  /postcss/8.4.5:
    resolution: {integrity: sha512-jBDboWM8qpaqwkMwItqTQTiFikhs/67OYVvblFFTM7MrZjt6yMKd6r2kgXizEbTTljacm4NldIlZnhbjr84QYg==}
    engines: {node: ^10 || ^12 || >=14}
    dependencies:
      nanoid: 3.2.0
      picocolors: 1.0.0
      source-map-js: 1.0.1
    dev: true

  /preact/10.6.4:
    resolution: {integrity: sha512-WyosM7pxGcndU8hY0OQlLd54tOU+qmG45QXj2dAYrL11HoyU/EzOSTlpJsirbBr1QW7lICxSsVJJmcmUglovHQ==}
    dev: true

  /prismjs/1.26.0:
    resolution: {integrity: sha512-HUoH9C5Z3jKkl3UunCyiD5jwk0+Hz0fIgQ2nbwU2Oo/ceuTAQAg+pPVnfdt2TJWRVLcxKh9iuoYDUSc8clb5UQ==}
    engines: {node: '>=6'}
    dev: true

  /resolve/1.21.0:
    resolution: {integrity: sha512-3wCbTpk5WJlyE4mSOtDLhqQmGFi0/TD9VPwmiolnk8U0wRgMEktqCXd3vy5buTO3tljvalNvKrjHEfrd2WpEKA==}
    hasBin: true
    dependencies:
      is-core-module: 2.8.1
      path-parse: 1.0.7
      supports-preserve-symlinks-flag: 1.0.0
    dev: true

  /rollup/2.64.0:
    resolution: {integrity: sha512-+c+lbw1lexBKSMb1yxGDVfJ+vchJH3qLbmavR+awDinTDA2C5Ug9u7lkOzj62SCu0PKUExsW36tpgW7Fmpn3yQ==}
    engines: {node: '>=10.0.0'}
    hasBin: true
    optionalDependencies:
      fsevents: 2.3.2
    dev: true

  /source-map-js/1.0.1:
    resolution: {integrity: sha512-4+TN2b3tqOCd/kaGRJ/sTYA0tR0mdXx26ipdolxcwtJVqEnqNYvlCAt1q3ypy4QMlYus+Zh34RNtYLoq2oQ4IA==}
    engines: {node: '>=0.10.0'}
    dev: true

  /source-map/0.6.1:
    resolution: {integrity: sha512-UjgapumWlbMhkBgzT7Ykc5YXUT46F0iKu8SGXq0bcwP5dz/h0Plj6enJqjz1Zbq2l5WaqYnrVbwWOWMyF3F47g==}
    engines: {node: '>=0.10.0'}
    dev: true

  /sourcemap-codec/1.4.8:
    resolution: {integrity: sha512-9NykojV5Uih4lgo5So5dtw+f0JgJX30KCNI8gwhz2J9A15wD0Ml6tjHKwf6fTSa6fAdVBdZeNOs9eJ71qCk8vA==}
    dev: true

  /supports-preserve-symlinks-flag/1.0.0:
    resolution: {integrity: sha512-ot0WnXS9fgdkgIcePe6RHNk1WA8+muPa6cSjeR3V8K27q9BB1rTE3R1p7Hv0z1ZyAc8s6Vvv8DIyWf681MAt0w==}
    engines: {node: '>= 0.4'}
    dev: true

  /vite/2.7.12:
    resolution: {integrity: sha512-KvPYToRQWhRfBeVkyhkZ5hASuHQkqZUUdUcE3xyYtq5oYEPIJ0h9LWiWTO6v990glmSac2cEPeYeXzpX5Z6qKQ==}
    engines: {node: '>=12.2.0'}
    hasBin: true
    peerDependencies:
      less: '*'
      sass: '*'
      stylus: '*'
    peerDependenciesMeta:
      less:
        optional: true
      sass:
        optional: true
      stylus:
        optional: true
    dependencies:
      esbuild: 0.13.15
      postcss: 8.4.5
      resolve: 1.21.0
      rollup: 2.64.0
    optionalDependencies:
      fsevents: 2.3.2
    dev: true

  /vitepress/0.21.5:
    resolution: {integrity: sha512-4CUlUFfuslufYg877wTUU462z7tURgKmwJmwFtDo4PEv/nEMJHj+VLSTgrjCM38h9rTHSWRfBW87+AMw/e9uTA==}
    engines: {node: '>=12.0.0'}
    hasBin: true
    dependencies:
      '@docsearch/css': 3.0.0-alpha.42
      '@docsearch/js': 3.0.0-alpha.42
      '@vitejs/plugin-vue': 2.0.1_vite@2.7.12+vue@3.2.27
      prismjs: 1.26.0
      vite: 2.7.12
      vue: 3.2.27
    transitivePeerDependencies:
      - '@algolia/client-search'
      - '@types/react'
      - less
      - react
      - react-dom
      - sass
      - stylus
    dev: true

  /vue/3.2.27:
    resolution: {integrity: sha512-p1cH8Q6eaPwvANCjFQj497a914cxXKKwOG3Lg9USddTOrn4/zFMKjn9dnovkx+L8VtFaNgbVqW8mLJS/eTA6xw==}
    dependencies:
      '@vue/compiler-dom': 3.2.27
      '@vue/compiler-sfc': 3.2.27
      '@vue/runtime-dom': 3.2.27
      '@vue/server-renderer': 3.2.27_vue@3.2.27
      '@vue/shared': 3.2.27
    dev: true
